// !$*UTF8*$!
{
	archiveVersion = 1;
	classes = {
	};
	objectVersion = 46;
	objects = {

/* Begin PBXBuildFile section */
		B47D6AB71BF9AEBA0004572C /* main.m in Sources */ = {isa = PBXBuildFile; fileRef = B47D6AB61BF9AEBA0004572C /* main.m */; };
		B47D6ABA1BF9AEBA0004572C /* AppDelegate.m in Sources */ = {isa = PBXBuildFile; fileRef = B47D6AB91BF9AEBA0004572C /* AppDelegate.m */; };
		B47D6ABD1BF9AEBA0004572C /* ViewController.m in Sources */ = {isa = PBXBuildFile; fileRef = B47D6ABC1BF9AEBA0004572C /* ViewController.m */; };
		B47D6AC01BF9AEBA0004572C /* Main.storyboard in Resources */ = {isa = PBXBuildFile; fileRef = B47D6ABE1BF9AEBA0004572C /* Main.storyboard */; };
		B47D6AC21BF9AEBA0004572C /* Assets.xcassets in Resources */ = {isa = PBXBuildFile; fileRef = B47D6AC11BF9AEBA0004572C /* Assets.xcassets */; };
/* End PBXBuildFile section */

/* Begin PBXFileReference section */
		B47D6AB21BF9AEBA0004572C /* FranceTV.app */ = {isa = PBXFileReference; explicitFileType = wrapper.application; includeInIndex = 0; path = FranceTV.app; sourceTree = BUILT_PRODUCTS_DIR; };
		B47D6AB61BF9AEBA0004572C /* main.m */ = {isa = PBXFileReference; lastKnownFileType = sourcecode.c.objc; path = main.m; sourceTree = "<group>"; };
		B47D6AB81BF9AEBA0004572C /* AppDelegate.h */ = {isa = PBXFileReference; lastKnownFileType = sourcecode.c.h; path = AppDelegate.h; sourceTree = "<group>"; };
		B47D6AB91BF9AEBA0004572C /* AppDelegate.m */ = {isa = PBXFileReference; lastKnownFileType = sourcecode.c.objc; path = AppDelegate.m; sourceTree = "<group>"; };
		B47D6ABB1BF9AEBA0004572C /* ViewController.h */ = {isa = PBXFileReference; lastKnownFileType = sourcecode.c.h; path = ViewController.h; sourceTree = "<group>"; };
		B47D6ABC1BF9AEBA0004572C /* ViewController.m */ = {isa = PBXFileReference; lastKnownFileType = sourcecode.c.objc; path = ViewController.m; sourceTree = "<group>"; };
		B47D6ABF1BF9AEBA0004572C /* Base */ = {isa = PBXFileReference; lastKnownFileType = file.storyboard; name = Base; path = Base.lproj/Main.storyboard; sourceTree = "<group>"; };
		B47D6AC11BF9AEBA0004572C /* Assets.xcassets */ = {isa = PBXFileReference; lastKnownFileType = folder.assetcatalog; path = Assets.xcassets; sourceTree = "<group>"; };
		B47D6AC31BF9AEBA0004572C /* Info.plist */ = {isa = PBXFileReference; lastKnownFileType = text.plist.xml; path = Info.plist; sourceTree = "<group>"; };
/* End PBXFileReference section */

/* Begin PBXFrameworksBuildPhase section */
		B47D6AAF1BF9AEBA0004572C /* Frameworks */ = {
			isa = PBXFrameworksBuildPhase;
			buildActionMask = 2147483647;
			files = (
			);
			runOnlyForDeploymentPostprocessing = 0;
		};
/* End PBXFrameworksBuildPhase section */

/* Begin PBXGroup section */
		B47D6AA91BF9AEBA0004572C = {
			isa = PBXGroup;
			children = (
				B47D6AB41BF9AEBA0004572C /* FranceTV */,
				B47D6AB31BF9AEBA0004572C /* Products */,
			);
			sourceTree = "<group>";
		};
		B47D6AB31BF9AEBA0004572C /* Products */ = {
			isa = PBXGroup;
			children = (
				B47D6AB21BF9AEBA0004572C /* FranceTV.app */,
			);
			name = Products;
			sourceTree = "<group>";
		};
		B47D6AB41BF9AEBA0004572C /* FranceTV */ = {
			isa = PBXGroup;
			children = (
				B47D6AB81BF9AEBA0004572C /* AppDelegate.h */,
				B47D6AB91BF9AEBA0004572C /* AppDelegate.m */,
				B47D6ABB1BF9AEBA0004572C /* ViewController.h */,
				B47D6ABC1BF9AEBA0004572C /* ViewController.m */,
				B47D6ABE1BF9AEBA0004572C /* Main.storyboard */,
				B47D6AC11BF9AEBA0004572C /* Assets.xcassets */,
				B47D6AC31BF9AEBA0004572C /* Info.plist */,
				B47D6AB51BF9AEBA0004572C /* Supporting Files */,
			);
			path = FranceTV;
			sourceTree = "<group>";
		};
		B47D6AB51BF9AEBA0004572C /* Supporting Files */ = {
			isa = PBXGroup;
			children = (
				B47D6AB61BF9AEBA0004572C /* main.m */,
			);
			name = "Supporting Files";
			sourceTree = "<group>";
		};
/* End PBXGroup section */

/* Begin PBXNativeTarget section */
		B47D6AB11BF9AEBA0004572C /* FranceTV */ = {
			isa = PBXNativeTarget;
			buildConfigurationList = B47D6AC61BF9AEBA0004572C /* Build configuration list for PBXNativeTarget "FranceTV" */;
			buildPhases = (
				B47D6AAE1BF9AEBA0004572C /* Sources */,
				B47D6AAF1BF9AEBA0004572C /* Frameworks */,
				B47D6AB01BF9AEBA0004572C /* Resources */,
			);
			buildRules = (
			);
			dependencies = (
			);
			name = FranceTV;
			productName = FranceTV;
			productReference = B47D6AB21BF9AEBA0004572C /* FranceTV.app */;
			productType = "com.apple.product-type.application";
		};
/* End PBXNativeTarget section */

/* Begin PBXProject section */
		B47D6AAA1BF9AEBA0004572C /* Project object */ = {
			isa = PBXProject;
			attributes = {
				LastUpgradeCheck = 0710;
				ORGANIZATIONNAME = "Guillaume Salva";
				TargetAttributes = {
					B47D6AB11BF9AEBA0004572C = {
						CreatedOnToolsVersion = 7.1.1;
						DevelopmentTeam = QHT75A8PJD;
					};
				};
			};
			buildConfigurationList = B47D6AAD1BF9AEBA0004572C /* Build configuration list for PBXProject "FranceTV" */;
			compatibilityVersion = "Xcode 3.2";
			developmentRegion = English;
			hasScannedForEncodings = 0;
			knownRegions = (
				en,
				Base,
			);
			mainGroup = B47D6AA91BF9AEBA0004572C;
			productRefGroup = B47D6AB31BF9AEBA0004572C /* Products */;
			projectDirPath = "";
			projectRoot = "";
			targets = (
				B47D6AB11BF9AEBA0004572C /* FranceTV */,
			);
		};
/* End PBXProject section */

/* Begin PBXResourcesBuildPhase section */
		B47D6AB01BF9AEBA0004572C /* Resources */ = {
			isa = PBXResourcesBuildPhase;
			buildActionMask = 2147483647;
			files = (
				B47D6AC21BF9AEBA0004572C /* Assets.xcassets in Resources */,
				B47D6AC01BF9AEBA0004572C /* Main.storyboard in Resources */,
			);
			runOnlyForDeploymentPostprocessing = 0;
		};
/* End PBXResourcesBuildPhase section */

/* Begin PBXSourcesBuildPhase section */
		B47D6AAE1BF9AEBA0004572C /* Sources */ = {
			isa = PBXSourcesBuildPhase;
			buildActionMask = 2147483647;
			files = (
				B47D6ABD1BF9AEBA0004572C /* ViewController.m in Sources */,
				B47D6ABA1BF9AEBA0004572C /* AppDelegate.m in Sources */,
				B47D6AB71BF9AEBA0004572C /* main.m in Sources */,
			);
			runOnlyForDeploymentPostprocessing = 0;
		};
/* End PBXSourcesBuildPhase section */

/* Begin PBXVariantGroup section */
		B47D6ABE1BF9AEBA0004572C /* Main.storyboard */ = {
			isa = PBXVariantGroup;
			children = (
				B47D6ABF1BF9AEBA0004572C /* Base */,
			);
			name = Main.storyboard;
			sourceTree = "<group>";
		};
/* End PBXVariantGroup section */

/* Begin XCBuildConfiguration section */
		B47D6AC41BF9AEBA0004572C /* Debug */ = {
			isa = XCBuildConfiguration;
			buildSettings = {
				ALWAYS_SEARCH_USER_PATHS = NO;
				CLANG_CXX_LANGUAGE_STANDARD = "gnu++0x";
				CLANG_CXX_LIBRARY = "libc++";
				CLANG_ENABLE_MODULES = YES;
				CLANG_ENABLE_OBJC_ARC = YES;
				CLANG_WARN_BOOL_CONVERSION = YES;
				CLANG_WARN_CONSTANT_CONVERSION = YES;
				CLANG_WARN_DIRECT_OBJC_ISA_USAGE = YES_ERROR;
				CLANG_WARN_EMPTY_BODY = YES;
				CLANG_WARN_ENUM_CONVERSION = YES;
				CLANG_WARN_INT_CONVERSION = YES;
				CLANG_WARN_OBJC_ROOT_CLASS = YES_ERROR;
				CLANG_WARN_UNREACHABLE_CODE = YES;
				CLANG_WARN__DUPLICATE_METHOD_MATCH = YES;
				COPY_PHASE_STRIP = NO;
				DEBUG_INFORMATION_FORMAT = dwarf;
				ENABLE_STRICT_OBJC_MSGSEND = YES;
				ENABLE_TESTABILITY = YES;
				GCC_C_LANGUAGE_STANDARD = gnu99;
				GCC_DYNAMIC_NO_PIC = NO;
				GCC_NO_COMMON_BLOCKS = YES;
				GCC_OPTIMIZATION_LEVEL = 0;
				GCC_PREPROCESSOR_DEFINITIONS = (
					"DEBUG=1",
					"$(inherited)",
				);
				GCC_WARN_64_TO_32_BIT_CONVERSION = YES;
				GCC_WARN_ABOUT_RETURN_TYPE = YES_ERROR;
				GCC_WARN_UNDECLARED_SELECTOR = YES;
				GCC_WARN_UNINITIALIZED_AUTOS = YES_AGGRESSIVE;
				GCC_WARN_UNUSED_FUNCTION = YES;
				GCC_WARN_UNUSED_VARIABLE = YES;
				MTL_ENABLE_DEBUG_INFO = YES;
				ONLY_ACTIVE_ARCH = YES;
				SDKROOT = appletvos;
				TARGETED_DEVICE_FAMILY = 3;
				TVOS_DEPLOYMENT_TARGET = 9.0;
			};
			name = Debug;
		};
		B47D6AC51BF9AEBA0004572C /* Release */ = {
			isa = XCBuildConfiguration;
			buildSettings = {
				ALWAYS_SEARCH_USER_PATHS = NO;
				CLANG_CXX_LANGUAGE_STANDARD = "gnu++0x";
				CLANG_CXX_LIBRARY = "libc++";
				CLANG_ENABLE_MODULES = YES;
				CLANG_ENABLE_OBJC_ARC = YES;
				CLANG_WARN_BOOL_CONVERSION = YES;
				CLANG_WARN_CONSTANT_CONVERSION = YES;
				CLANG_WARN_DIRECT_OBJC_ISA_USAGE = YES_ERROR;
				CLANG_WARN_EMPTY_BODY = YES;
				CLANG_WARN_ENUM_CONVERSION = YES;
				CLANG_WARN_INT_CONVERSION = YES;
				CLANG_WARN_OBJC_ROOT_CLASS = YES_ERROR;
				CLANG_WARN_UNREACHABLE_CODE = YES;
				CLANG_WARN__DUPLICATE_METHOD_MATCH = YES;
				COPY_PHASE_STRIP = NO;
				DEBUG_INFORMATION_FORMAT = "dwarf-with-dsym";
				ENABLE_NS_ASSERTIONS = NO;
				ENABLE_STRICT_OBJC_MSGSEND = YES;
				GCC_C_LANGUAGE_STANDARD = gnu99;
				GCC_NO_COMMON_BLOCKS = YES;
				GCC_WARN_64_TO_32_BIT_CONVERSION = YES;
				GCC_WARN_ABOUT_RETURN_TYPE = YES_ERROR;
				GCC_WARN_UNDECLARED_SELECTOR = YES;
				GCC_WARN_UNINITIALIZED_AUTOS = YES_AGGRESSIVE;
				GCC_WARN_UNUSED_FUNCTION = YES;
				GCC_WARN_UNUSED_VARIABLE = YES;
				MTL_ENABLE_DEBUG_INFO = NO;
				SDKROOT = appletvos;
				TARGETED_DEVICE_FAMILY = 3;
				TVOS_DEPLOYMENT_TARGET = 9.0;
				VALIDATE_PRODUCT = YES;
			};
			name = Release;
		};
		B47D6AC71BF9AEBA0004572C /* Debug */ = {
			isa = XCBuildConfiguration;
			buildSettings = {
				ASSETCATALOG_COMPILER_APPICON_NAME = "App Icon & Top Shelf Image";
				ASSETCATALOG_COMPILER_LAUNCHIMAGE_NAME = LaunchImage;
				INFOPLIST_FILE = FranceTV/Info.plist;
				LD_RUNPATH_SEARCH_PATHS = "$(inherited) @executable_path/Frameworks";
				PRODUCT_BUNDLE_IDENTIFIER = com.salva.FranceTV;
				PRODUCT_NAME = "$(TARGET_NAME)";
			};
			name = Debug;
		};
		B47D6AC81BF9AEBA0004572C /* Release */ = {
			isa = XCBuildConfiguration;
			buildSettings = {
				ASSETCATALOG_COMPILER_APPICON_NAME = "App Icon & Top Shelf Image";
				ASSETCATALOG_COMPILER_LAUNCHIMAGE_NAME = LaunchImage;
				INFOPLIST_FILE = FranceTV/Info.plist;
				LD_RUNPATH_SEARCH_PATHS = "$(inherited) @executable_path/Frameworks";
				PRODUCT_BUNDLE_IDENTIFIER = com.salva.FranceTV;
				PRODUCT_NAME = "$(TARGET_NAME)";
			};
			name = Release;
		};
/* End XCBuildConfiguration section */

/* Begin XCConfigurationList section */
		B47D6AAD1BF9AEBA0004572C /* Build configuration list for PBXProject "FranceTV" */ = {
			isa = XCConfigurationList;
			buildConfigurations = (
				B47D6AC41BF9AEBA0004572C /* Debug */,
				B47D6AC51BF9AEBA0004572C /* Release */,
			);
			defaultConfigurationIsVisible = 0;
			defaultConfigurationName = Release;
		};
		B47D6AC61BF9AEBA0004572C /* Build configuration list for PBXNativeTarget "FranceTV" */ = {
			isa = XCConfigurationList;
			buildConfigurations = (
				B47D6AC71BF9AEBA0004572C /* Debug */,
				B47D6AC81BF9AEBA0004572C /* Release */,
			);
			defaultConfigurationIsVisible = 0;
		};
/* End XCConfigurationList section */
	};
	rootObject = B47D6AAA1BF9AEBA0004572C /* Project object */;
}
